
Microsoft Visual Studio Solution File, Format Version 12.00
# Visual Studio Version 16
VisualStudioVersion = 16.0.30611.23
MinimumVisualStudioVersion = 10.0.40219.1
Project("{FAE04EC0-301F-11D3-BF4B-00C04F79EFBC}") = "ByteBank", "ByteBank\ByteBank.csproj", "{2B789AFC-CF13-4F55-902F-BDE6CCE791A3}"
EndProject
Project("{FAE04EC0-301F-11D3-BF4B-00C04F79EFBC}") = "Ex_01_08_Overload", "Ex_01_08_Overload\Ex_01_08_Overload.csproj", "{01EFBFFF-C9E9-41BA-A9B9-7523207D2D17}"
EndProject
Project("{FAE04EC0-301F-11D3-BF4B-00C04F79EFBC}") = "Ex_02_10_Heritage", "Ex_02_10_Heritage\Ex_02_10_Heritage.csproj", "{4116981D-00D2-4E10-AC98-4D5D9B821214}"
EndProject
Global
	GlobalSection(SolutionConfigurationPlatforms) = preSolution
		Debug|Any CPU = Debug|Any CPU
		Release|Any CPU = Release|Any CPU
	EndGlobalSection
	GlobalSection(ProjectConfigurationPlatforms) = postSolution
		{2B789AFC-CF13-4F55-902F-BDE6CCE791A3}.Debug|Any CPU.ActiveCfg = Debug|Any CPU
		{2B789AFC-CF13-4F55-902F-BDE6CCE791A3}.Debug|Any CPU.Build.0 = Debug|Any CPU
		{2B789AFC-CF13-4F55-902F-BDE6CCE791A3}.Release|Any CPU.ActiveCfg = Release|Any CPU
		{2B789AFC-CF13-4F55-902F-BDE6CCE791A3}.Release|Any CPU.Build.0 = Release|Any CPU
		{01EFBFFF-C9E9-41BA-A9B9-7523207D2D17}.Debug|Any CPU.ActiveCfg = Debug|Any CPU
		{01EFBFFF-C9E9-41BA-A9B9-7523207D2D17}.Debug|Any CPU.Build.0 = Debug|Any CPU
		{01EFBFFF-C9E9-41BA-A9B9-7523207D2D17}.Release|Any CPU.ActiveCfg = Release|Any CPU
		{01EFBFFF-C9E9-41BA-A9B9-7523207D2D17}.Release|Any CPU.Build.0 = Release|Any CPU
		{4116981D-00D2-4E10-AC98-4D5D9B821214}.Debug|Any CPU.ActiveCfg = Debug|Any CPU
		{4116981D-00D2-4E10-AC98-4D5D9B821214}.Debug|Any CPU.Build.0 = Debug|Any CPU
		{4116981D-00D2-4E10-AC98-4D5D9B821214}.Release|Any CPU.ActiveCfg = Release|Any CPU
		{4116981D-00D2-4E10-AC98-4D5D9B821214}.Release|Any CPU.Build.0 = Release|Any CPU
	EndGlobalSection
	GlobalSection(SolutionProperties) = preSolution
		HideSolutionNode = FALSE
	EndGlobalSection
	GlobalSection(ExtensibilityGlobals) = postSolution
		SolutionGuid = {635D1FA3-A35C-444E-89E3-701A11A31022}
	EndGlobalSection
EndGlobal
